
Microsoft Visual Studio Solution File, Format Version 12.00
# Visual Studio Version 16
VisualStudioVersion = 16.0.28917.181
MinimumVisualStudioVersion = 10.0.40219.1
Project("{FAE04EC0-301F-11D3-BF4B-00C04F79EFBC}") = "testGit", "testGit\testGit.csproj", "{84F9F414-B09D-487A-BDC8-51C619E00049}"
EndProject
Global
	GlobalSection(SolutionConfigurationPlatforms) = preSolution
		Debug|Any CPU = Debug|Any CPU
		Release|Any CPU = Release|Any CPU
	EndGlobalSection
	GlobalSection(ProjectConfigurationPlatforms) = postSolution
		{84F9F414-B09D-487A-BDC8-51C619E00049}.Debug|Any CPU.ActiveCfg = Debug|Any CPU
		{84F9F414-B09D-487A-BDC8-51C619E00049}.Debug|Any CPU.Build.0 = Debug|Any CPU
		{84F9F414-B09D-487A-BDC8-51C619E00049}.Release|Any CPU.ActiveCfg = Release|Any CPU
		{84F9F414-B09D-487A-BDC8-51C619E00049}.Release|Any CPU.Build.0 = Release|Any CPU
	EndGlobalSection
	GlobalSection(SolutionProperties) = preSolution
		HideSolutionNode = FALSE
	EndGlobalSection
	GlobalSection(ExtensibilityGlobals) = postSolution
		SolutionGuid = {2021CC05-0EB9-45D9-9DF6-475151C6798B}
	EndGlobalSection
EndGlobal
